
Microsoft Visual Studio Solution File, Format Version 12.00
# Visual Studio Version 17
VisualStudioVersion = 17.4.33122.133
MinimumVisualStudioVersion = 10.0.40219.1
Project("{FAE04EC0-301F-11D3-BF4B-00C04F79EFBC}") = "PhoneBook", "PhoneBook\PhoneBook.csproj", "{36A9AD7C-509D-43F5-A1AA-E7A39E0DD982}"
EndProject
Global
	GlobalSection(SolutionConfigurationPlatforms) = preSolution
		Debug|Any CPU = Debug|Any CPU
		Release|Any CPU = Release|Any CPU
	EndGlobalSection
	GlobalSection(ProjectConfigurationPlatforms) = postSolution
		{36A9AD7C-509D-43F5-A1AA-E7A39E0DD982}.Debug|Any CPU.ActiveCfg = Debug|Any CPU
		{36A9AD7C-509D-43F5-A1AA-E7A39E0DD982}.Debug|Any CPU.Build.0 = Debug|Any CPU
		{36A9AD7C-509D-43F5-A1AA-E7A39E0DD982}.Release|Any CPU.ActiveCfg = Release|Any CPU
		{36A9AD7C-509D-43F5-A1AA-E7A39E0DD982}.Release|Any CPU.Build.0 = Release|Any CPU
	EndGlobalSection
	GlobalSection(SolutionProperties) = preSolution
		HideSolutionNode = FALSE
	EndGlobalSection
	GlobalSection(ExtensibilityGlobals) = postSolution
		SolutionGuid = {8ABF78DE-4277-4931-91CA-160DC098575D}
	EndGlobalSection
EndGlobal
